{
  "name": "jisuanqi",
  "version": "1.0.0",
  "lockfileVersion": 3,
  "requires": true,
  "packages": {
    "": {
      "name": "jisuanqi",
      "version": "1.0.0",
      "license": "ISC",
      "dependencies": {
        "@vant/weapp": "^1.11.2"
      }
    },
    "node_modules/@vant/weapp": {
      "version": "1.11.2",
      "resolved": "https://registry.npmjs.org/@vant/weapp/-/weapp-1.11.2.tgz",
      "integrity": "sha512-NlZQEW4ijxD1GAmTY0dz2mEw0KWff9DSi5k5WGl1YS19qGp1l3BssID/uBnzrC82HjWH/Sb5V9+r7/YEcfnBPQ=="
    }
  }
}
